{
  "name": "miro-webhook-workshop",
  "version": "0.0.0",
  "lockfileVersion": 2,
  "requires": true,
  "packages": {
    "": {
      "name": "miro-webhook-workshop",
      "version": "0.0.0",
      "license": "MIT",
      "devDependencies": {
        "@netlify/functions": "2.4.0",
        "@types/node": "18.18.13",
        "lit": "3.1.0",
        "typescript": "5.3.2",
        "vite": "4.5.0"
      }
    },
    "node_modules/@esbuild/android-arm": {
      "version": "0.18.11",
      "resolved": "https://registry.npmjs.org/@esbuild/android-arm/-/android-arm-0.18.11.tgz",
      "integrity": "sha512-q4qlUf5ucwbUJZXF5tEQ8LF7y0Nk4P58hOsGk3ucY0oCwgQqAnqXVbUuahCddVHfrxmpyewRpiTHwVHIETYu7Q==",
      "cpu": [
        "arm"
      ],
      "dev": true,
      "optional": true,
      "os": [
        "android"
      ],
      "engines": {
        "node": ">=12"
      }
    },
    "node_modules/@esbuild/android-arm64": {
      "version": "0.18.11",
      "resolved": "https://registry.npmjs.org/@esbuild/android-arm64/-/android-arm64-0.18.11.tgz",
      "integrity": "sha512-snieiq75Z1z5LJX9cduSAjUr7vEI1OdlzFPMw0HH5YI7qQHDd3qs+WZoMrWYDsfRJSq36lIA6mfZBkvL46KoIw==",
      "cpu": [
        "arm64"
      ],
      "dev": true,
      "optional": true,
      "os": [
        "android"
      ],
      "engines": {
        "node": ">=12"
      }
    },
    "node_modules/@esbuild/android-x64": {
      "version": "0.18.11",
      "resolved": "https://registry.npmjs.org/@esbuild/android-x64/-/android-x64-0.18.11.tgz",
      "integrity": "sha512-iPuoxQEV34+hTF6FT7om+Qwziv1U519lEOvekXO9zaMMlT9+XneAhKL32DW3H7okrCOBQ44BMihE8dclbZtTuw==",
      "cpu": [
        "x64"
      ],
      "dev": true,
      "optional": true,
      "os": [
        "android"
      ],
      "engines": {
        "node": ">=12"
      }
    },
    "node_modules/@esbuild/darwin-arm64": {
      "version": "0.18.11",
      "resolved": "https://registry.npmjs.org/@esbuild/darwin-arm64/-/darwin-arm64-0.18.11.tgz",
      "integrity": "sha512-Gm0QkI3k402OpfMKyQEEMG0RuW2LQsSmI6OeO4El2ojJMoF5NLYb3qMIjvbG/lbMeLOGiW6ooU8xqc+S0fgz2w==",
      "cpu": [
        "arm64"
      ],
      "dev": true,
      "optional": true,
      "os": [
        "darwin"
      ],
      "engines": {
        "node": ">=12"
      }
    },
    "node_modules/@esbuild/darwin-x64": {
      "version": "0.18.11",
      "resolved": "https://registry.npmjs.org/@esbuild/darwin-x64/-/darwin-x64-0.18.11.tgz",
      "integrity": "sha512-N15Vzy0YNHu6cfyDOjiyfJlRJCB/ngKOAvoBf1qybG3eOq0SL2Lutzz9N7DYUbb7Q23XtHPn6lMDF6uWbGv9Fw==",
      "cpu": [
        "x64"
      ],
      "dev": true,
      "optional": true,
      "os": [
        "darwin"
      ],
      "engines": {
        "node": ">=12"
      }
    },
    "node_modules/@esbuild/freebsd-arm64": {
      "version": "0.18.11",
      "resolved": "https://registry.npmjs.org/@esbuild/freebsd-arm64/-/freebsd-arm64-0.18.11.tgz",
      "integrity": "sha512-atEyuq6a3omEY5qAh5jIORWk8MzFnCpSTUruBgeyN9jZq1K/QI9uke0ATi3MHu4L8c59CnIi4+1jDKMuqmR71A==",
      "cpu": [
        "arm64"
      ],
      "dev": true,
      "optional": true,
      "os": [
        "freebsd"
      ],
      "engines": {
        "node": ">=12"
      }
    },
    "node_modules/@esbuild/freebsd-x64": {
      "version": "0.18.11",
      "resolved": "https://registry.npmjs.org/@esbuild/freebsd-x64/-/freebsd-x64-0.18.11.tgz",
      "integrity": "sha512-XtuPrEfBj/YYYnAAB7KcorzzpGTvOr/dTtXPGesRfmflqhA4LMF0Gh/n5+a9JBzPuJ+CGk17CA++Hmr1F/gI0Q==",
      "cpu": [
        "x64"
      ],
      "dev": true,
      "optional": true,
      "os": [
        "freebsd"
      ],
      "engines": {
        "node": ">=12"
      }
    },
    "node_modules/@esbuild/linux-arm": {
      "version": "0.18.11",
      "resolved": "https://registry.npmjs.org/@esbuild/linux-arm/-/linux-arm-0.18.11.tgz",
      "integrity": "sha512-Idipz+Taso/toi2ETugShXjQ3S59b6m62KmLHkJlSq/cBejixmIydqrtM2XTvNCywFl3VC7SreSf6NV0i6sRyg==",
      "cpu": [
        "arm"
      ],
      "dev": true,
      "optional": true,
      "os": [
        "linux"
      ],
      "engines": {
        "node": ">=12"
      }
    },
    "node_modules/@esbuild/linux-arm64": {
      "version": "0.18.11",
      "resolved": "https://registry.npmjs.org/@esbuild/linux-arm64/-/linux-arm64-0.18.11.tgz",
      "integrity": "sha512-c6Vh2WS9VFKxKZ2TvJdA7gdy0n6eSy+yunBvv4aqNCEhSWVor1TU43wNRp2YLO9Vng2G+W94aRz+ILDSwAiYog==",
      "cpu": [
        "arm64"
      ],
      "dev": true,
      "optional": true,
      "os": [
        "linux"
      ],
      "engines": {
        "node": ">=12"
      }
    },
    "node_modules/@esbuild/linux-ia32": {
      "version": "0.18.11",
      "resolved": "https://registry.npmjs.org/@esbuild/linux-ia32/-/linux-ia32-0.18.11.tgz",
      "integrity": "sha512-S3hkIF6KUqRh9n1Q0dSyYcWmcVa9Cg+mSoZEfFuzoYXXsk6196qndrM+ZiHNwpZKi3XOXpShZZ+9dfN5ykqjjw==",
      "cpu": [
        "ia32"
      ],
      "dev": true,
      "optional": true,
      "os": [
        "linux"
      ],
      "engines": {
        "node": ">=12"
      }
    },
    "node_modules/@esbuild/linux-loong64": {
      "version": "0.18.11",
      "resolved": "https://registry.npmjs.org/@esbuild/linux-loong64/-/linux-loong64-0.18.11.tgz",
      "integrity": "sha512-MRESANOoObQINBA+RMZW+Z0TJWpibtE7cPFnahzyQHDCA9X9LOmGh68MVimZlM9J8n5Ia8lU773te6O3ILW8kw==",
      "cpu": [
        "loong64"
      ],
      "dev": true,
      "optional": true,
      "os": [
        "linux"
      ],
      "engines": {
        "node": ">=12"
      }
    },
    "node_modules/@esbuild/linux-mips64el": {
      "version": "0.18.11",
      "resolved": "https://registry.npmjs.org/@esbuild/linux-mips64el/-/linux-mips64el-0.18.11.tgz",
      "integrity": "sha512-qVyPIZrXNMOLYegtD1u8EBccCrBVshxMrn5MkuFc3mEVsw7CCQHaqZ4jm9hbn4gWY95XFnb7i4SsT3eflxZsUg==",
      "cpu": [
        "mips64el"
      ],
      "dev": true,
      "optional": true,
      "os": [
        "linux"
      ],
      "engines": {
        "node": ">=12"
      }
    },
    "node_modules/@esbuild/linux-ppc64": {
      "version": "0.18.11",
      "resolved": "https://registry.npmjs.org/@esbuild/linux-ppc64/-/linux-ppc64-0.18.11.tgz",
      "integrity": "sha512-T3yd8vJXfPirZaUOoA9D2ZjxZX4Gr3QuC3GztBJA6PklLotc/7sXTOuuRkhE9W/5JvJP/K9b99ayPNAD+R+4qQ==",
      "cpu": [
        "ppc64"
      ],
      "dev": true,
      "optional": true,
      "os": [
        "linux"
      ],
      "engines": {
        "node": ">=12"
      }
    },
    "node_modules/@esbuild/linux-riscv64": {
      "version": "0.18.11",
      "resolved": "https://registry.npmjs.org/@esbuild/linux-riscv64/-/linux-riscv64-0.18.11.tgz",
      "integrity": "sha512-evUoRPWiwuFk++snjH9e2cAjF5VVSTj+Dnf+rkO/Q20tRqv+644279TZlPK8nUGunjPAtQRCj1jQkDAvL6rm2w==",
      "cpu": [
        "riscv64"
      ],
      "dev": true,
      "optional": true,
      "os": [
        "linux"
      ],
      "engines": {
        "node": ">=12"
      }
    },
    "node_modules/@esbuild/linux-s390x": {
      "version": "0.18.11",
      "resolved": "https://registry.npmjs.org/@esbuild/linux-s390x/-/linux-s390x-0.18.11.tgz",
      "integrity": "sha512-/SlRJ15XR6i93gRWquRxYCfhTeC5PdqEapKoLbX63PLCmAkXZHY2uQm2l9bN0oPHBsOw2IswRZctMYS0MijFcg==",
      "cpu": [
        "s390x"
      ],
      "dev": true,
      "optional": true,
      "os": [
        "linux"
      ],
      "engines": {
        "node": ">=12"
      }
    },
    "node_modules/@esbuild/linux-x64": {
      "version": "0.18.11",
      "resolved": "https://registry.npmjs.org/@esbuild/linux-x64/-/linux-x64-0.18.11.tgz",
      "integrity": "sha512-xcncej+wF16WEmIwPtCHi0qmx1FweBqgsRtEL1mSHLFR6/mb3GEZfLQnx+pUDfRDEM4DQF8dpXIW7eDOZl1IbA==",
      "cpu": [
        "x64"
      ],
      "dev": true,
      "optional": true,
      "os": [
        "linux"
      ],
      "engines": {
        "node": ">=12"
      }
    },
    "node_modules/@esbuild/netbsd-x64": {
      "version": "0.18.11",
      "resolved": "https://registry.npmjs.org/@esbuild/netbsd-x64/-/netbsd-x64-0.18.11.tgz",
      "integrity": "sha512-aSjMHj/F7BuS1CptSXNg6S3M4F3bLp5wfFPIJM+Km2NfIVfFKhdmfHF9frhiCLIGVzDziggqWll0B+9AUbud/Q==",
      "cpu": [
        "x64"
      ],
      "dev": true,
      "optional": true,
      "os": [
        "netbsd"
      ],
      "engines": {
        "node": ">=12"
      }
    },
    "node_modules/@esbuild/openbsd-x64": {
      "version": "0.18.11",
      "resolved": "https://registry.npmjs.org/@esbuild/openbsd-x64/-/openbsd-x64-0.18.11.tgz",
      "integrity": "sha512-tNBq+6XIBZtht0xJGv7IBB5XaSyvYPCm1PxJ33zLQONdZoLVM0bgGqUrXnJyiEguD9LU4AHiu+GCXy/Hm9LsdQ==",
      "cpu": [
        "x64"
      ],
      "dev": true,
      "optional": true,
      "os": [
        "openbsd"
      ],
      "engines": {
        "node": ">=12"
      }
    },
    "node_modules/@esbuild/sunos-x64": {
      "version": "0.18.11",
      "resolved": "https://registry.npmjs.org/@esbuild/sunos-x64/-/sunos-x64-0.18.11.tgz",
      "integrity": "sha512-kxfbDOrH4dHuAAOhr7D7EqaYf+W45LsAOOhAet99EyuxxQmjbk8M9N4ezHcEiCYPaiW8Dj3K26Z2V17Gt6p3ng==",
      "cpu": [
        "x64"
      ],
      "dev": true,
      "optional": true,
      "os": [
        "sunos"
      ],
      "engines": {
        "node": ">=12"
      }
    },
    "node_modules/@esbuild/win32-arm64": {
      "version": "0.18.11",
      "resolved": "https://registry.npmjs.org/@esbuild/win32-arm64/-/win32-arm64-0.18.11.tgz",
      "integrity": "sha512-Sh0dDRyk1Xi348idbal7lZyfSkjhJsdFeuC13zqdipsvMetlGiFQNdO+Yfp6f6B4FbyQm7qsk16yaZk25LChzg==",
      "cpu": [
        "arm64"
      ],
      "dev": true,
      "optional": true,
      "os": [
        "win32"
      ],
      "engines": {
        "node": ">=12"
      }
    },
    "node_modules/@esbuild/win32-ia32": {
      "version": "0.18.11",
      "resolved": "https://registry.npmjs.org/@esbuild/win32-ia32/-/win32-ia32-0.18.11.tgz",
      "integrity": "sha512-o9JUIKF1j0rqJTFbIoF4bXj6rvrTZYOrfRcGyL0Vm5uJ/j5CkBD/51tpdxe9lXEDouhRgdr/BYzUrDOvrWwJpg==",
      "cpu": [
        "ia32"
      ],
      "dev": true,
      "optional": true,
      "os": [
        "win32"
      ],
      "engines": {
        "node": ">=12"
      }
    },
    "node_modules/@esbuild/win32-x64": {
      "version": "0.18.11",
      "resolved": "https://registry.npmjs.org/@esbuild/win32-x64/-/win32-x64-0.18.11.tgz",
      "integrity": "sha512-rQI4cjLHd2hGsM1LqgDI7oOCYbQ6IBOVsX9ejuRMSze0GqXUG2ekwiKkiBU1pRGSeCqFFHxTrcEydB2Hyoz9CA==",
      "cpu": [
        "x64"
      ],
      "dev": true,
      "optional": true,
      "os": [
        "win32"
      ],
      "engines": {
        "node": ">=12"
      }
    },
    "node_modules/@lit-labs/ssr-dom-shim": {
      "version": "1.1.2",
      "resolved": "https://registry.npmjs.org/@lit-labs/ssr-dom-shim/-/ssr-dom-shim-1.1.2.tgz",
      "integrity": "sha512-jnOD+/+dSrfTWYfSXBXlo5l5f0q1UuJo3tkbMDCYA2lKUYq79jaxqtGEvnRoh049nt1vdo1+45RinipU6FGY2g==",
      "dev": true
    },
    "node_modules/@lit/reactive-element": {
      "version": "2.0.0",
      "resolved": "https://registry.npmjs.org/@lit/reactive-element/-/reactive-element-2.0.0.tgz",
      "integrity": "sha512-wn+2+uDcs62ROBmVAwssO4x5xue/uKD3MGGZOXL2sMxReTRIT0JXKyMXeu7gh0aJ4IJNEIG/3aOnUaQvM7BMzQ==",
      "dev": true,
      "dependencies": {
        "@lit-labs/ssr-dom-shim": "^1.1.2-pre.0"
      }
    },
    "node_modules/@netlify/functions": {
      "version": "2.4.0",
      "resolved": "https://registry.npmjs.org/@netlify/functions/-/functions-2.4.0.tgz",
      "integrity": "sha512-dIqhdj5u4Lu/8qbYwtYpn8NfvIyPHbSTV2lAP4ocL+iwC9As06AXT0wa/xOpO2vRWJa0IMxdZaqCPnkyHlHiyg==",
      "dev": true,
      "dependencies": {
        "@netlify/serverless-functions-api": "1.11.0",
        "is-promise": "^4.0.0"
      },
      "engines": {
        "node": ">=14.0.0"
      }
    },
    "node_modules/@netlify/node-cookies": {
      "version": "0.1.0",
      "resolved": "https://registry.npmjs.org/@netlify/node-cookies/-/node-cookies-0.1.0.tgz",
      "integrity": "sha512-OAs1xG+FfLX0LoRASpqzVntVV/RpYkgpI0VrUnw2u0Q1qiZUzcPffxRK8HF3gc4GjuhG5ahOEMJ9bswBiZPq0g==",
      "dev": true,
      "engines": {
        "node": "^14.16.0 || >=16.0.0"
      }
    },
    "node_modules/@netlify/serverless-functions-api": {
      "version": "1.11.0",
      "resolved": "https://registry.npmjs.org/@netlify/serverless-functions-api/-/serverless-functions-api-1.11.0.tgz",
      "integrity": "sha512-3splAsr2CekL7VTwgo6yTvzD2+f269/s+TJafYazonqMNNo31yzvFxD5HpLtni4DNE1ppymVKZ4X/rLN3yl0vQ==",
      "dev": true,
      "dependencies": {
        "@netlify/node-cookies": "^0.1.0",
        "urlpattern-polyfill": "8.0.2"
      },
      "engines": {
        "node": "^14.18.0 || >=16.0.0"
      }
    },
    "node_modules/@types/node": {
      "version": "18.18.13",
      "resolved": "https://registry.npmjs.org/@types/node/-/node-18.18.13.tgz",
      "integrity": "sha512-vXYZGRrSCreZmq1rEjMRLXJhiy8MrIeVasx+PCVlP414N7CJLHnMf+juVvjdprHyH+XRy3zKZLHeNueOpJCn0g==",
      "dev": true,
      "dependencies": {
        "undici-types": "~5.26.4"
      }
    },
    "node_modules/@types/trusted-types": {
      "version": "2.0.4",
      "resolved": "https://registry.npmjs.org/@types/trusted-types/-/trusted-types-2.0.4.tgz",
      "integrity": "sha512-IDaobHimLQhjwsQ/NMwRVfa/yL7L/wriQPMhw1ZJall0KX6E1oxk29XMDeilW5qTIg5aoiqf5Udy8U/51aNoQQ==",
      "dev": true
    },
    "node_modules/esbuild": {
      "version": "0.18.11",
      "resolved": "https://registry.npmjs.org/esbuild/-/esbuild-0.18.11.tgz",
      "integrity": "sha512-i8u6mQF0JKJUlGR3OdFLKldJQMMs8OqM9Cc3UCi9XXziJ9WERM5bfkHaEAy0YAvPRMgqSW55W7xYn84XtEFTtA==",
      "dev": true,
      "hasInstallScript": true,
      "bin": {
        "esbuild": "bin/esbuild"
      },
      "engines": {
        "node": ">=12"
      },
      "optionalDependencies": {
        "@esbuild/android-arm": "0.18.11",
        "@esbuild/android-arm64": "0.18.11",
        "@esbuild/android-x64": "0.18.11",
        "@esbuild/darwin-arm64": "0.18.11",
        "@esbuild/darwin-x64": "0.18.11",
        "@esbuild/freebsd-arm64": "0.18.11",
        "@esbuild/freebsd-x64": "0.18.11",
        "@esbuild/linux-arm": "0.18.11",
        "@esbuild/linux-arm64": "0.18.11",
        "@esbuild/linux-ia32": "0.18.11",
        "@esbuild/linux-loong64": "0.18.11",
        "@esbuild/linux-mips64el": "0.18.11",
        "@esbuild/linux-ppc64": "0.18.11",
        "@esbuild/linux-riscv64": "0.18.11",
        "@esbuild/linux-s390x": "0.18.11",
        "@esbuild/linux-x64": "0.18.11",
        "@esbuild/netbsd-x64": "0.18.11",
        "@esbuild/openbsd-x64": "0.18.11",
        "@esbuild/sunos-x64": "0.18.11",
        "@esbuild/win32-arm64": "0.18.11",
        "@esbuild/win32-ia32": "0.18.11",
        "@esbuild/win32-x64": "0.18.11"
      }
    },
    "node_modules/fsevents": {
      "version": "2.3.2",
      "resolved": "https://registry.npmjs.org/fsevents/-/fsevents-2.3.2.tgz",
      "integrity": "sha512-xiqMQR4xAeHTuB9uWm+fFRcIOgKBMiOBP+eXiyT7jsgVCq1bkVygt00oASowB7EdtpOHaaPgKt812P9ab+DDKA==",
      "dev": true,
      "hasInstallScript": true,
      "optional": true,
      "os": [
        "darwin"
      ],
      "engines": {
        "node": "^8.16.0 || ^10.6.0 || >=11.0.0"
      }
    },
    "node_modules/is-promise": {
      "version": "4.0.0",
      "resolved": "https://registry.npmjs.org/is-promise/-/is-promise-4.0.0.tgz",
      "integrity": "sha512-hvpoI6korhJMnej285dSg6nu1+e6uxs7zG3BYAm5byqDsgJNWwxzM6z6iZiAgQR4TJ30JmBTOwqZUw3WlyH3AQ==",
      "dev": true
    },
    "node_modules/lit": {
      "version": "3.1.0",
      "resolved": "https://registry.npmjs.org/lit/-/lit-3.1.0.tgz",
      "integrity": "sha512-rzo/hmUqX8zmOdamDAeydfjsGXbbdtAFqMhmocnh2j9aDYqbu0fjXygjCa0T99Od9VQ/2itwaGrjZz/ZELVl7w==",
      "dev": true,
      "dependencies": {
        "@lit/reactive-element": "^2.0.0",
        "lit-element": "^4.0.0",
        "lit-html": "^3.1.0"
      }
    },
    "node_modules/lit-element": {
      "version": "4.0.0",
      "resolved": "https://registry.npmjs.org/lit-element/-/lit-element-4.0.0.tgz",
      "integrity": "sha512-N6+f7XgusURHl69DUZU6sTBGlIN+9Ixfs3ykkNDfgfTkDYGGOWwHAYBhDqVswnFGyWgQYR2KiSpu4J76Kccs/A==",
      "dev": true,
      "dependencies": {
        "@lit-labs/ssr-dom-shim": "^1.1.2-pre.0",
        "@lit/reactive-element": "^2.0.0",
        "lit-html": "^3.0.0"
      }
    },
    "node_modules/lit-html": {
      "version": "3.1.0",
      "resolved": "https://registry.npmjs.org/lit-html/-/lit-html-3.1.0.tgz",
      "integrity": "sha512-FwAjq3iNsaO6SOZXEIpeROlJLUlrbyMkn4iuv4f4u1H40Jw8wkeR/OUXZUHUoiYabGk8Y4Y0F/rgq+R4MrOLmA==",
      "dev": true,
      "dependencies": {
        "@types/trusted-types": "^2.0.2"
      }
    },
    "node_modules/nanoid": {
      "version": "3.3.6",
      "resolved": "https://registry.npmjs.org/nanoid/-/nanoid-3.3.6.tgz",
      "integrity": "sha512-BGcqMMJuToF7i1rt+2PWSNVnWIkGCU78jBG3RxO/bZlnZPK2Cmi2QaffxGO/2RvWi9sL+FAiRiXMgsyxQ1DIDA==",
      "dev": true,
      "funding": [
        {
          "type": "github",
          "url": "https://github.com/sponsors/ai"
        }
      ],
      "bin": {
        "nanoid": "bin/nanoid.cjs"
      },
      "engines": {
        "node": "^10 || ^12 || ^13.7 || ^14 || >=15.0.1"
      }
    },
    "node_modules/picocolors": {
      "version": "1.0.0",
      "resolved": "https://registry.npmjs.org/picocolors/-/picocolors-1.0.0.tgz",
      "integrity": "sha512-1fygroTLlHu66zi26VoTDv8yRgm0Fccecssto+MhsZ0D/DGW2sm8E8AjW7NU5VVTRt5GxbeZ5qBuJr+HyLYkjQ==",
      "dev": true
    },
    "node_modules/postcss": {
      "version": "8.4.27",
      "resolved": "https://registry.npmjs.org/postcss/-/postcss-8.4.27.tgz",
      "integrity": "sha512-gY/ACJtJPSmUFPDCHtX78+01fHa64FaU4zaaWfuh1MhGJISufJAH4cun6k/8fwsHYeK4UQmENQK+tRLCFJE8JQ==",
      "dev": true,
      "funding": [
        {
          "type": "opencollective",
          "url": "https://opencollective.com/postcss/"
        },
        {
          "type": "tidelift",
          "url": "https://tidelift.com/funding/github/npm/postcss"
        },
        {
          "type": "github",
          "url": "https://github.com/sponsors/ai"
        }
      ],
      "dependencies": {
        "nanoid": "^3.3.6",
        "picocolors": "^1.0.0",
        "source-map-js": "^1.0.2"
      },
      "engines": {
        "node": "^10 || ^12 || >=14"
      }
    },
    "node_modules/rollup": {
      "version": "3.27.2",
      "resolved": "https://registry.npmjs.org/rollup/-/rollup-3.27.2.tgz",
      "integrity": "sha512-YGwmHf7h2oUHkVBT248x0yt6vZkYQ3/rvE5iQuVBh3WO8GcJ6BNeOkpoX1yMHIiBm18EMLjBPIoUDkhgnyxGOQ==",
      "dev": true,
      "bin": {
        "rollup": "dist/bin/rollup"
      },
      "engines": {
        "node": ">=14.18.0",
        "npm": ">=8.0.0"
      },
      "optionalDependencies": {
        "fsevents": "~2.3.2"
      }
    },
    "node_modules/source-map-js": {
      "version": "1.0.2",
      "resolved": "https://registry.npmjs.org/source-map-js/-/source-map-js-1.0.2.tgz",
      "integrity": "sha512-R0XvVJ9WusLiqTCEiGCmICCMplcCkIwwR11mOSD9CR5u+IXYdiseeEuXCVAjS54zqwkLcPNnmU4OeJ6tUrWhDw==",
      "dev": true,
      "engines": {
        "node": ">=0.10.0"
      }
    },
    "node_modules/typescript": {
      "version": "5.3.2",
      "resolved": "https://registry.npmjs.org/typescript/-/typescript-5.3.2.tgz",
      "integrity": "sha512-6l+RyNy7oAHDfxC4FzSJcz9vnjTKxrLpDG5M2Vu4SHRVNg6xzqZp6LYSR9zjqQTu8DU/f5xwxUdADOkbrIX2gQ==",
      "dev": true,
      "bin": {
        "tsc": "bin/tsc",
        "tsserver": "bin/tsserver"
      },
      "engines": {
        "node": ">=14.17"
      }
    },
    "node_modules/undici-types": {
      "version": "5.26.5",
      "resolved": "https://registry.npmjs.org/undici-types/-/undici-types-5.26.5.tgz",
      "integrity": "sha512-JlCMO+ehdEIKqlFxk6IfVoAUVmgz7cU7zD/h9XZ0qzeosSHmUJVOzSQvvYSYWXkFXC+IfLKSIffhv0sVZup6pA==",
      "dev": true
    },
    "node_modules/urlpattern-polyfill": {
      "version": "8.0.2",
      "resolved": "https://registry.npmjs.org/urlpattern-polyfill/-/urlpattern-polyfill-8.0.2.tgz",
      "integrity": "sha512-Qp95D4TPJl1kC9SKigDcqgyM2VDVO4RiJc2d4qe5GrYm+zbIQCWWKAFaJNQ4BhdFeDGwBmAxqJBwWSJDb9T3BQ==",
      "dev": true
    },
    "node_modules/vite": {
      "version": "4.5.0",
      "resolved": "https://registry.npmjs.org/vite/-/vite-4.5.0.tgz",
      "integrity": "sha512-ulr8rNLA6rkyFAlVWw2q5YJ91v098AFQ2R0PRFwPzREXOUJQPtFUG0t+/ZikhaOCDqFoDhN6/v8Sq0o4araFAw==",
      "dev": true,
      "dependencies": {
        "esbuild": "^0.18.10",
        "postcss": "^8.4.27",
        "rollup": "^3.27.1"
      },
      "bin": {
        "vite": "bin/vite.js"
      },
      "engines": {
        "node": "^14.18.0 || >=16.0.0"
      },
      "funding": {
        "url": "https://github.com/vitejs/vite?sponsor=1"
      },
      "optionalDependencies": {
        "fsevents": "~2.3.2"
      },
      "peerDependencies": {
        "@types/node": ">= 14",
        "less": "*",
        "lightningcss": "^1.21.0",
        "sass": "*",
        "stylus": "*",
        "sugarss": "*",
        "terser": "^5.4.0"
      },
      "peerDependenciesMeta": {
        "@types/node": {
          "optional": true
        },
        "less": {
          "optional": true
        },
        "lightningcss": {
          "optional": true
        },
        "sass": {
          "optional": true
        },
        "stylus": {
          "optional": true
        },
        "sugarss": {
          "optional": true
        },
        "terser": {
          "optional": true
        }
      }
    }
  },
  "dependencies": {
    "@esbuild/android-arm": {
      "version": "0.18.11",
      "resolved": "https://registry.npmjs.org/@esbuild/android-arm/-/android-arm-0.18.11.tgz",
      "integrity": "sha512-q4qlUf5ucwbUJZXF5tEQ8LF7y0Nk4P58hOsGk3ucY0oCwgQqAnqXVbUuahCddVHfrxmpyewRpiTHwVHIETYu7Q==",
      "dev": true,
      "optional": true
    },
    "@esbuild/android-arm64": {
      "version": "0.18.11",
      "resolved": "https://registry.npmjs.org/@esbuild/android-arm64/-/android-arm64-0.18.11.tgz",
      "integrity": "sha512-snieiq75Z1z5LJX9cduSAjUr7vEI1OdlzFPMw0HH5YI7qQHDd3qs+WZoMrWYDsfRJSq36lIA6mfZBkvL46KoIw==",
      "dev": true,
      "optional": true
    },
    "@esbuild/android-x64": {
      "version": "0.18.11",
      "resolved": "https://registry.npmjs.org/@esbuild/android-x64/-/android-x64-0.18.11.tgz",
      "integrity": "sha512-iPuoxQEV34+hTF6FT7om+Qwziv1U519lEOvekXO9zaMMlT9+XneAhKL32DW3H7okrCOBQ44BMihE8dclbZtTuw==",
      "dev": true,
      "optional": true
    },
    "@esbuild/darwin-arm64": {
      "version": "0.18.11",
      "resolved": "https://registry.npmjs.org/@esbuild/darwin-arm64/-/darwin-arm64-0.18.11.tgz",
      "integrity": "sha512-Gm0QkI3k402OpfMKyQEEMG0RuW2LQsSmI6OeO4El2ojJMoF5NLYb3qMIjvbG/lbMeLOGiW6ooU8xqc+S0fgz2w==",
      "dev": true,
      "optional": true
    },
    "@esbuild/darwin-x64": {
      "version": "0.18.11",
      "resolved": "https://registry.npmjs.org/@esbuild/darwin-x64/-/darwin-x64-0.18.11.tgz",
      "integrity": "sha512-N15Vzy0YNHu6cfyDOjiyfJlRJCB/ngKOAvoBf1qybG3eOq0SL2Lutzz9N7DYUbb7Q23XtHPn6lMDF6uWbGv9Fw==",
      "dev": true,
      "optional": true
    },
    "@esbuild/freebsd-arm64": {
      "version": "0.18.11",
      "resolved": "https://registry.npmjs.org/@esbuild/freebsd-arm64/-/freebsd-arm64-0.18.11.tgz",
      "integrity": "sha512-atEyuq6a3omEY5qAh5jIORWk8MzFnCpSTUruBgeyN9jZq1K/QI9uke0ATi3MHu4L8c59CnIi4+1jDKMuqmR71A==",
      "dev": true,
      "optional": true
    },
    "@esbuild/freebsd-x64": {
      "version": "0.18.11",
      "resolved": "https://registry.npmjs.org/@esbuild/freebsd-x64/-/freebsd-x64-0.18.11.tgz",
      "integrity": "sha512-XtuPrEfBj/YYYnAAB7KcorzzpGTvOr/dTtXPGesRfmflqhA4LMF0Gh/n5+a9JBzPuJ+CGk17CA++Hmr1F/gI0Q==",
      "dev": true,
      "optional": true
    },
    "@esbuild/linux-arm": {
      "version": "0.18.11",
      "resolved": "https://registry.npmjs.org/@esbuild/linux-arm/-/linux-arm-0.18.11.tgz",
      "integrity": "sha512-Idipz+Taso/toi2ETugShXjQ3S59b6m62KmLHkJlSq/cBejixmIydqrtM2XTvNCywFl3VC7SreSf6NV0i6sRyg==",
      "dev": true,
      "optional": true
    },
    "@esbuild/linux-arm64": {
      "version": "0.18.11",
      "resolved": "https://registry.npmjs.org/@esbuild/linux-arm64/-/linux-arm64-0.18.11.tgz",
      "integrity": "sha512-c6Vh2WS9VFKxKZ2TvJdA7gdy0n6eSy+yunBvv4aqNCEhSWVor1TU43wNRp2YLO9Vng2G+W94aRz+ILDSwAiYog==",
      "dev": true,
      "optional": true
    },
    "@esbuild/linux-ia32": {
      "version": "0.18.11",
      "resolved": "https://registry.npmjs.org/@esbuild/linux-ia32/-/linux-ia32-0.18.11.tgz",
      "integrity": "sha512-S3hkIF6KUqRh9n1Q0dSyYcWmcVa9Cg+mSoZEfFuzoYXXsk6196qndrM+ZiHNwpZKi3XOXpShZZ+9dfN5ykqjjw==",
      "dev": true,
      "optional": true
    },
    "@esbuild/linux-loong64": {
      "version": "0.18.11",
      "resolved": "https://registry.npmjs.org/@esbuild/linux-loong64/-/linux-loong64-0.18.11.tgz",
      "integrity": "sha512-MRESANOoObQINBA+RMZW+Z0TJWpibtE7cPFnahzyQHDCA9X9LOmGh68MVimZlM9J8n5Ia8lU773te6O3ILW8kw==",
      "dev": true,
      "optional": true
    },
    "@esbuild/linux-mips64el": {
      "version": "0.18.11",
      "resolved": "https://registry.npmjs.org/@esbuild/linux-mips64el/-/linux-mips64el-0.18.11.tgz",
      "integrity": "sha512-qVyPIZrXNMOLYegtD1u8EBccCrBVshxMrn5MkuFc3mEVsw7CCQHaqZ4jm9hbn4gWY95XFnb7i4SsT3eflxZsUg==",
      "dev": true,
      "optional": true
    },
    "@esbuild/linux-ppc64": {
      "version": "0.18.11",
      "resolved": "https://registry.npmjs.org/@esbuild/linux-ppc64/-/linux-ppc64-0.18.11.tgz",
      "integrity": "sha512-T3yd8vJXfPirZaUOoA9D2ZjxZX4Gr3QuC3GztBJA6PklLotc/7sXTOuuRkhE9W/5JvJP/K9b99ayPNAD+R+4qQ==",
      "dev": true,
      "optional": true
    },
    "@esbuild/linux-riscv64": {
      "version": "0.18.11",
      "resolved": "https://registry.npmjs.org/@esbuild/linux-riscv64/-/linux-riscv64-0.18.11.tgz",
      "integrity": "sha512-evUoRPWiwuFk++snjH9e2cAjF5VVSTj+Dnf+rkO/Q20tRqv+644279TZlPK8nUGunjPAtQRCj1jQkDAvL6rm2w==",
      "dev": true,
      "optional": true
    },
    "@esbuild/linux-s390x": {
      "version": "0.18.11",
      "resolved": "https://registry.npmjs.org/@esbuild/linux-s390x/-/linux-s390x-0.18.11.tgz",
      "integrity": "sha512-/SlRJ15XR6i93gRWquRxYCfhTeC5PdqEapKoLbX63PLCmAkXZHY2uQm2l9bN0oPHBsOw2IswRZctMYS0MijFcg==",
      "dev": true,
      "optional": true
    },
    "@esbuild/linux-x64": {
      "version": "0.18.11",
      "resolved": "https://registry.npmjs.org/@esbuild/linux-x64/-/linux-x64-0.18.11.tgz",
      "integrity": "sha512-xcncej+wF16WEmIwPtCHi0qmx1FweBqgsRtEL1mSHLFR6/mb3GEZfLQnx+pUDfRDEM4DQF8dpXIW7eDOZl1IbA==",
      "dev": true,
      "optional": true
    },
    "@esbuild/netbsd-x64": {
      "version": "0.18.11",
      "resolved": "https://registry.npmjs.org/@esbuild/netbsd-x64/-/netbsd-x64-0.18.11.tgz",
      "integrity": "sha512-aSjMHj/F7BuS1CptSXNg6S3M4F3bLp5wfFPIJM+Km2NfIVfFKhdmfHF9frhiCLIGVzDziggqWll0B+9AUbud/Q==",
      "dev": true,
      "optional": true
    },
    "@esbuild/openbsd-x64": {
      "version": "0.18.11",
      "resolved": "https://registry.npmjs.org/@esbuild/openbsd-x64/-/openbsd-x64-0.18.11.tgz",
      "integrity": "sha512-tNBq+6XIBZtht0xJGv7IBB5XaSyvYPCm1PxJ33zLQONdZoLVM0bgGqUrXnJyiEguD9LU4AHiu+GCXy/Hm9LsdQ==",
      "dev": true,
      "optional": true
    },
    "@esbuild/sunos-x64": {
      "version": "0.18.11",
      "resolved": "https://registry.npmjs.org/@esbuild/sunos-x64/-/sunos-x64-0.18.11.tgz",
      "integrity": "sha512-kxfbDOrH4dHuAAOhr7D7EqaYf+W45LsAOOhAet99EyuxxQmjbk8M9N4ezHcEiCYPaiW8Dj3K26Z2V17Gt6p3ng==",
      "dev": true,
      "optional": true
    },
    "@esbuild/win32-arm64": {
      "version": "0.18.11",
      "resolved": "https://registry.npmjs.org/@esbuild/win32-arm64/-/win32-arm64-0.18.11.tgz",
      "integrity": "sha512-Sh0dDRyk1Xi348idbal7lZyfSkjhJsdFeuC13zqdipsvMetlGiFQNdO+Yfp6f6B4FbyQm7qsk16yaZk25LChzg==",
      "dev": true,
      "optional": true
    },
    "@esbuild/win32-ia32": {
      "version": "0.18.11",
      "resolved": "https://registry.npmjs.org/@esbuild/win32-ia32/-/win32-ia32-0.18.11.tgz",
      "integrity": "sha512-o9JUIKF1j0rqJTFbIoF4bXj6rvrTZYOrfRcGyL0Vm5uJ/j5CkBD/51tpdxe9lXEDouhRgdr/BYzUrDOvrWwJpg==",
      "dev": true,
      "optional": true
    },
    "@esbuild/win32-x64": {
      "version": "0.18.11",
      "resolved": "https://registry.npmjs.org/@esbuild/win32-x64/-/win32-x64-0.18.11.tgz",
      "integrity": "sha512-rQI4cjLHd2hGsM1LqgDI7oOCYbQ6IBOVsX9ejuRMSze0GqXUG2ekwiKkiBU1pRGSeCqFFHxTrcEydB2Hyoz9CA==",
      "dev": true,
      "optional": true
    },
    "@lit-labs/ssr-dom-shim": {
      "version": "1.1.2",
      "resolved": "https://registry.npmjs.org/@lit-labs/ssr-dom-shim/-/ssr-dom-shim-1.1.2.tgz",
      "integrity": "sha512-jnOD+/+dSrfTWYfSXBXlo5l5f0q1UuJo3tkbMDCYA2lKUYq79jaxqtGEvnRoh049nt1vdo1+45RinipU6FGY2g==",
      "dev": true
    },
    "@lit/reactive-element": {
      "version": "2.0.0",
      "resolved": "https://registry.npmjs.org/@lit/reactive-element/-/reactive-element-2.0.0.tgz",
      "integrity": "sha512-wn+2+uDcs62ROBmVAwssO4x5xue/uKD3MGGZOXL2sMxReTRIT0JXKyMXeu7gh0aJ4IJNEIG/3aOnUaQvM7BMzQ==",
      "dev": true,
      "requires": {
        "@lit-labs/ssr-dom-shim": "^1.1.2-pre.0"
      }
    },
    "@netlify/functions": {
      "version": "2.4.0",
      "resolved": "https://registry.npmjs.org/@netlify/functions/-/functions-2.4.0.tgz",
      "integrity": "sha512-dIqhdj5u4Lu/8qbYwtYpn8NfvIyPHbSTV2lAP4ocL+iwC9As06AXT0wa/xOpO2vRWJa0IMxdZaqCPnkyHlHiyg==",
      "dev": true,
      "requires": {
        "@netlify/serverless-functions-api": "1.11.0",
        "is-promise": "^4.0.0"
      }
    },
    "@netlify/node-cookies": {
      "version": "0.1.0",
      "resolved": "https://registry.npmjs.org/@netlify/node-cookies/-/node-cookies-0.1.0.tgz",
      "integrity": "sha512-OAs1xG+FfLX0LoRASpqzVntVV/RpYkgpI0VrUnw2u0Q1qiZUzcPffxRK8HF3gc4GjuhG5ahOEMJ9bswBiZPq0g==",
      "dev": true
    },
    "@netlify/serverless-functions-api": {
      "version": "1.11.0",
      "resolved": "https://registry.npmjs.org/@netlify/serverless-functions-api/-/serverless-functions-api-1.11.0.tgz",
      "integrity": "sha512-3splAsr2CekL7VTwgo6yTvzD2+f269/s+TJafYazonqMNNo31yzvFxD5HpLtni4DNE1ppymVKZ4X/rLN3yl0vQ==",
      "dev": true,
      "requires": {
        "@netlify/node-cookies": "^0.1.0",
        "urlpattern-polyfill": "8.0.2"
      }
    },
    "@types/node": {
      "version": "18.18.13",
      "resolved": "https://registry.npmjs.org/@types/node/-/node-18.18.13.tgz",
      "integrity": "sha512-vXYZGRrSCreZmq1rEjMRLXJhiy8MrIeVasx+PCVlP414N7CJLHnMf+juVvjdprHyH+XRy3zKZLHeNueOpJCn0g==",
      "dev": true,
      "requires": {
        "undici-types": "~5.26.4"
      }
    },
    "@types/trusted-types": {
      "version": "2.0.4",
      "resolved": "https://registry.npmjs.org/@types/trusted-types/-/trusted-types-2.0.4.tgz",
      "integrity": "sha512-IDaobHimLQhjwsQ/NMwRVfa/yL7L/wriQPMhw1ZJall0KX6E1oxk29XMDeilW5qTIg5aoiqf5Udy8U/51aNoQQ==",
      "dev": true
    },
    "esbuild": {
      "version": "0.18.11",
      "resolved": "https://registry.npmjs.org/esbuild/-/esbuild-0.18.11.tgz",
      "integrity": "sha512-i8u6mQF0JKJUlGR3OdFLKldJQMMs8OqM9Cc3UCi9XXziJ9WERM5bfkHaEAy0YAvPRMgqSW55W7xYn84XtEFTtA==",
      "dev": true,
      "requires": {
        "@esbuild/android-arm": "0.18.11",
        "@esbuild/android-arm64": "0.18.11",
        "@esbuild/android-x64": "0.18.11",
        "@esbuild/darwin-arm64": "0.18.11",
        "@esbuild/darwin-x64": "0.18.11",
        "@esbuild/freebsd-arm64": "0.18.11",
        "@esbuild/freebsd-x64": "0.18.11",
        "@esbuild/linux-arm": "0.18.11",
        "@esbuild/linux-arm64": "0.18.11",
        "@esbuild/linux-ia32": "0.18.11",
        "@esbuild/linux-loong64": "0.18.11",
        "@esbuild/linux-mips64el": "0.18.11",
        "@esbuild/linux-ppc64": "0.18.11",
        "@esbuild/linux-riscv64": "0.18.11",
        "@esbuild/linux-s390x": "0.18.11",
        "@esbuild/linux-x64": "0.18.11",
        "@esbuild/netbsd-x64": "0.18.11",
        "@esbuild/openbsd-x64": "0.18.11",
        "@esbuild/sunos-x64": "0.18.11",
        "@esbuild/win32-arm64": "0.18.11",
        "@esbuild/win32-ia32": "0.18.11",
        "@esbuild/win32-x64": "0.18.11"
      }
    },
    "fsevents": {
      "version": "2.3.2",
      "resolved": "https://registry.npmjs.org/fsevents/-/fsevents-2.3.2.tgz",
      "integrity": "sha512-xiqMQR4xAeHTuB9uWm+fFRcIOgKBMiOBP+eXiyT7jsgVCq1bkVygt00oASowB7EdtpOHaaPgKt812P9ab+DDKA==",
      "dev": true,
      "optional": true
    },
    "is-promise": {
      "version": "4.0.0",
      "resolved": "https://registry.npmjs.org/is-promise/-/is-promise-4.0.0.tgz",
      "integrity": "sha512-hvpoI6korhJMnej285dSg6nu1+e6uxs7zG3BYAm5byqDsgJNWwxzM6z6iZiAgQR4TJ30JmBTOwqZUw3WlyH3AQ==",
      "dev": true
    },
    "lit": {
      "version": "3.1.0",
      "resolved": "https://registry.npmjs.org/lit/-/lit-3.1.0.tgz",
      "integrity": "sha512-rzo/hmUqX8zmOdamDAeydfjsGXbbdtAFqMhmocnh2j9aDYqbu0fjXygjCa0T99Od9VQ/2itwaGrjZz/ZELVl7w==",
      "dev": true,
      "requires": {
        "@lit/reactive-element": "^2.0.0",
        "lit-element": "^4.0.0",
        "lit-html": "^3.1.0"
      }
    },
    "lit-element": {
      "version": "4.0.0",
      "resolved": "https://registry.npmjs.org/lit-element/-/lit-element-4.0.0.tgz",
      "integrity": "sha512-N6+f7XgusURHl69DUZU6sTBGlIN+9Ixfs3ykkNDfgfTkDYGGOWwHAYBhDqVswnFGyWgQYR2KiSpu4J76Kccs/A==",
      "dev": true,
      "requires": {
        "@lit-labs/ssr-dom-shim": "^1.1.2-pre.0",
        "@lit/reactive-element": "^2.0.0",
        "lit-html": "^3.0.0"
      }
    },
    "lit-html": {
      "version": "3.1.0",
      "resolved": "https://registry.npmjs.org/lit-html/-/lit-html-3.1.0.tgz",
      "integrity": "sha512-FwAjq3iNsaO6SOZXEIpeROlJLUlrbyMkn4iuv4f4u1H40Jw8wkeR/OUXZUHUoiYabGk8Y4Y0F/rgq+R4MrOLmA==",
      "dev": true,
      "requires": {
        "@types/trusted-types": "^2.0.2"
      }
    },
    "nanoid": {
      "version": "3.3.6",
      "resolved": "https://registry.npmjs.org/nanoid/-/nanoid-3.3.6.tgz",
      "integrity": "sha512-BGcqMMJuToF7i1rt+2PWSNVnWIkGCU78jBG3RxO/bZlnZPK2Cmi2QaffxGO/2RvWi9sL+FAiRiXMgsyxQ1DIDA==",
      "dev": true
    },
    "picocolors": {
      "version": "1.0.0",
      "resolved": "https://registry.npmjs.org/picocolors/-/picocolors-1.0.0.tgz",
      "integrity": "sha512-1fygroTLlHu66zi26VoTDv8yRgm0Fccecssto+MhsZ0D/DGW2sm8E8AjW7NU5VVTRt5GxbeZ5qBuJr+HyLYkjQ==",
      "dev": true
    },
    "postcss": {
      "version": "8.4.27",
      "resolved": "https://registry.npmjs.org/postcss/-/postcss-8.4.27.tgz",
      "integrity": "sha512-gY/ACJtJPSmUFPDCHtX78+01fHa64FaU4zaaWfuh1MhGJISufJAH4cun6k/8fwsHYeK4UQmENQK+tRLCFJE8JQ==",
      "dev": true,
      "requires": {
        "nanoid": "^3.3.6",
        "picocolors": "^1.0.0",
        "source-map-js": "^1.0.2"
      }
    },
    "rollup": {
      "version": "3.27.2",
      "resolved": "https://registry.npmjs.org/rollup/-/rollup-3.27.2.tgz",
      "integrity": "sha512-YGwmHf7h2oUHkVBT248x0yt6vZkYQ3/rvE5iQuVBh3WO8GcJ6BNeOkpoX1yMHIiBm18EMLjBPIoUDkhgnyxGOQ==",
      "dev": true,
      "requires": {
        "fsevents": "~2.3.2"
      }
    },
    "source-map-js": {
      "version": "1.0.2",
      "resolved": "https://registry.npmjs.org/source-map-js/-/source-map-js-1.0.2.tgz",
      "integrity": "sha512-R0XvVJ9WusLiqTCEiGCmICCMplcCkIwwR11mOSD9CR5u+IXYdiseeEuXCVAjS54zqwkLcPNnmU4OeJ6tUrWhDw==",
      "dev": true
    },
    "typescript": {
      "version": "5.3.2",
      "resolved": "https://registry.npmjs.org/typescript/-/typescript-5.3.2.tgz",
      "integrity": "sha512-6l+RyNy7oAHDfxC4FzSJcz9vnjTKxrLpDG5M2Vu4SHRVNg6xzqZp6LYSR9zjqQTu8DU/f5xwxUdADOkbrIX2gQ==",
      "dev": true
    },
    "undici-types": {
      "version": "5.26.5",
      "resolved": "https://registry.npmjs.org/undici-types/-/undici-types-5.26.5.tgz",
      "integrity": "sha512-JlCMO+ehdEIKqlFxk6IfVoAUVmgz7cU7zD/h9XZ0qzeosSHmUJVOzSQvvYSYWXkFXC+IfLKSIffhv0sVZup6pA==",
      "dev": true
    },
    "urlpattern-polyfill": {
      "version": "8.0.2",
      "resolved": "https://registry.npmjs.org/urlpattern-polyfill/-/urlpattern-polyfill-8.0.2.tgz",
      "integrity": "sha512-Qp95D4TPJl1kC9SKigDcqgyM2VDVO4RiJc2d4qe5GrYm+zbIQCWWKAFaJNQ4BhdFeDGwBmAxqJBwWSJDb9T3BQ==",
      "dev": true
    },
    "vite": {
      "version": "4.5.0",
      "resolved": "https://registry.npmjs.org/vite/-/vite-4.5.0.tgz",
      "integrity": "sha512-ulr8rNLA6rkyFAlVWw2q5YJ91v098AFQ2R0PRFwPzREXOUJQPtFUG0t+/ZikhaOCDqFoDhN6/v8Sq0o4araFAw==",
      "dev": true,
      "requires": {
        "esbuild": "^0.18.10",
        "fsevents": "~2.3.2",
        "postcss": "^8.4.27",
        "rollup": "^3.27.1"
      }
    }
  }
}
